// !$*UTF8*$!
{
	archiveVersion = 1;
	classes = {
	};
	objectVersion = 50;
	objects = {

/* Begin PBXBuildFile section */
		8758DAAD26206F22007BED51 /* AppDelegate.swift in Sources */ = {isa = PBXBuildFile; fileRef = 8758DAAC26206F22007BED51 /* AppDelegate.swift */; };
		8758DAB126206F22007BED51 /* JWLabelTestViewController.swift in Sources */ = {isa = PBXBuildFile; fileRef = 8758DAB026206F22007BED51 /* JWLabelTestViewController.swift */; };
		8758DAB726206F22007BED51 /* JWLabelPractice.xcdatamodeld in Sources */ = {isa = PBXBuildFile; fileRef = 8758DAB526206F22007BED51 /* JWLabelPractice.xcdatamodeld */; };
		8758DAB926206F24007BED51 /* Assets.xcassets in Resources */ = {isa = PBXBuildFile; fileRef = 8758DAB826206F24007BED51 /* Assets.xcassets */; };
		8758DABC26206F24007BED51 /* LaunchScreen.storyboard in Resources */ = {isa = PBXBuildFile; fileRef = 8758DABA26206F24007BED51 /* LaunchScreen.storyboard */; };
		8758DAC926217C89007BED51 /* JWLabelTestViewModel.swift in Sources */ = {isa = PBXBuildFile; fileRef = 8758DAC826217C89007BED51 /* JWLabelTestViewModel.swift */; };
		8758DACD262183C1007BED51 /* JWLabelTestTableViewCell.swift in Sources */ = {isa = PBXBuildFile; fileRef = 8758DACC262183C1007BED51 /* JWLabelTestTableViewCell.swift */; };
		8758DAD1262197A7007BED51 /* JWLabel.swift in Sources */ = {isa = PBXBuildFile; fileRef = 8758DAD0262197A7007BED51 /* JWLabel.swift */; };
		8758DAD4262197D3007BED51 /* JWTextAttributeDataSource.swift in Sources */ = {isa = PBXBuildFile; fileRef = 8758DAD3262197D3007BED51 /* JWTextAttributeDataSource.swift */; };
		8758DAD7262197EE007BED51 /* JWUnderlineLayoutManager.swift in Sources */ = {isa = PBXBuildFile; fileRef = 8758DAD6262197EE007BED51 /* JWUnderlineLayoutManager.swift */; };
		8758DADA26219825007BED51 /* UIColorExtension.swift in Sources */ = {isa = PBXBuildFile; fileRef = 8758DAD926219825007BED51 /* UIColorExtension.swift */; };
		8758DADF26219DD6007BED51 /* JWWebViewController.swift in Sources */ = {isa = PBXBuildFile; fileRef = 8758DADE26219DD6007BED51 /* JWWebViewController.swift */; };
		8758DAE226219E4E007BED51 /* JWWebViewExtensions.swift in Sources */ = {isa = PBXBuildFile; fileRef = 8758DAE126219E4E007BED51 /* JWWebViewExtensions.swift */; };
		8758DAE92621DA14007BED51 /* JWTextView.swift in Sources */ = {isa = PBXBuildFile; fileRef = 8758DAE82621DA14007BED51 /* JWTextView.swift */; };
		8758DAEC2621DA37007BED51 /* JWLabelTestExtensions.swift in Sources */ = {isa = PBXBuildFile; fileRef = 8758DAEB2621DA37007BED51 /* JWLabelTestExtensions.swift */; };
/* End PBXBuildFile section */

/* Begin PBXFileReference section */
		8758DAA926206F22007BED51 /* JWLabelPractice.app */ = {isa = PBXFileReference; explicitFileType = wrapper.application; includeInIndex = 0; path = JWLabelPractice.app; sourceTree = BUILT_PRODUCTS_DIR; };
		8758DAAC26206F22007BED51 /* AppDelegate.swift */ = {isa = PBXFileReference; lastKnownFileType = sourcecode.swift; path = AppDelegate.swift; sourceTree = "<group>"; };
		8758DAB026206F22007BED51 /* JWLabelTestViewController.swift */ = {isa = PBXFileReference; lastKnownFileType = sourcecode.swift; path = JWLabelTestViewController.swift; sourceTree = "<group>"; };
		8758DAB626206F22007BED51 /* JWLabelPractice.xcdatamodel */ = {isa = PBXFileReference; lastKnownFileType = wrapper.xcdatamodel; path = JWLabelPractice.xcdatamodel; sourceTree = "<group>"; };
		8758DAB826206F24007BED51 /* Assets.xcassets */ = {isa = PBXFileReference; lastKnownFileType = folder.assetcatalog; path = Assets.xcassets; sourceTree = "<group>"; };
		8758DABB26206F24007BED51 /* Base */ = {isa = PBXFileReference; lastKnownFileType = file.storyboard; name = Base; path = Base.lproj/LaunchScreen.storyboard; sourceTree = "<group>"; };
		8758DABD26206F24007BED51 /* Info.plist */ = {isa = PBXFileReference; lastKnownFileType = text.plist.xml; path = Info.plist; sourceTree = "<group>"; };
		8758DAC826217C89007BED51 /* JWLabelTestViewModel.swift */ = {isa = PBXFileReference; lastKnownFileType = sourcecode.swift; path = JWLabelTestViewModel.swift; sourceTree = "<group>"; };
		8758DACC262183C1007BED51 /* JWLabelTestTableViewCell.swift */ = {isa = PBXFileReference; lastKnownFileType = sourcecode.swift; path = JWLabelTestTableViewCell.swift; sourceTree = "<group>"; };
		8758DAD0262197A7007BED51 /* JWLabel.swift */ = {isa = PBXFileReference; lastKnownFileType = sourcecode.swift; path = JWLabel.swift; sourceTree = "<group>"; };
		8758DAD3262197D3007BED51 /* JWTextAttributeDataSource.swift */ = {isa = PBXFileReference; lastKnownFileType = sourcecode.swift; path = JWTextAttributeDataSource.swift; sourceTree = "<group>"; };
		8758DAD6262197EE007BED51 /* JWUnderlineLayoutManager.swift */ = {isa = PBXFileReference; lastKnownFileType = sourcecode.swift; path = JWUnderlineLayoutManager.swift; sourceTree = "<group>"; };
		8758DAD926219825007BED51 /* UIColorExtension.swift */ = {isa = PBXFileReference; lastKnownFileType = sourcecode.swift; path = UIColorExtension.swift; sourceTree = "<group>"; };
		8758DADE26219DD6007BED51 /* JWWebViewController.swift */ = {isa = PBXFileReference; lastKnownFileType = sourcecode.swift; path = JWWebViewController.swift; sourceTree = "<group>"; };
		8758DAE126219E4E007BED51 /* JWWebViewExtensions.swift */ = {isa = PBXFileReference; lastKnownFileType = sourcecode.swift; path = JWWebViewExtensions.swift; sourceTree = "<group>"; };
		8758DAE82621DA14007BED51 /* JWTextView.swift */ = {isa = PBXFileReference; lastKnownFileType = sourcecode.swift; path = JWTextView.swift; sourceTree = "<group>"; };
		8758DAEB2621DA37007BED51 /* JWLabelTestExtensions.swift */ = {isa = PBXFileReference; lastKnownFileType = sourcecode.swift; path = JWLabelTestExtensions.swift; sourceTree = "<group>"; };
/* End PBXFileReference section */

/* Begin PBXFrameworksBuildPhase section */
		8758DAA626206F22007BED51 /* Frameworks */ = {
			isa = PBXFrameworksBuildPhase;
			buildActionMask = 2147483647;
			files = (
			);
			runOnlyForDeploymentPostprocessing = 0;
		};
/* End PBXFrameworksBuildPhase section */

/* Begin PBXGroup section */
		8758DAA026206F22007BED51 = {
			isa = PBXGroup;
			children = (
				8758DAAB26206F22007BED51 /* JWLabelPractice */,
				8758DAAA26206F22007BED51 /* Products */,
			);
			sourceTree = "<group>";
		};
		8758DAAA26206F22007BED51 /* Products */ = {
			isa = PBXGroup;
			children = (
				8758DAA926206F22007BED51 /* JWLabelPractice.app */,
			);
			name = Products;
			sourceTree = "<group>";
		};
		8758DAAB26206F22007BED51 /* JWLabelPractice */ = {
			isa = PBXGroup;
			children = (
				8758DAE72621DA08007BED51 /* JWTextView */,
				8758DAE52621D9D6007BED51 /* Main */,
				8758DADD26219DC0007BED51 /* JWWebView */,
				8758DACF2621979A007BED51 /* JWLabel */,
				8758DAAC26206F22007BED51 /* AppDelegate.swift */,
				8758DAB826206F24007BED51 /* Assets.xcassets */,
				8758DABA26206F24007BED51 /* LaunchScreen.storyboard */,
				8758DABD26206F24007BED51 /* Info.plist */,
				8758DAB526206F22007BED51 /* JWLabelPractice.xcdatamodeld */,
			);
			path = JWLabelPractice;
			sourceTree = "<group>";
		};
		8758DACF2621979A007BED51 /* JWLabel */ = {
			isa = PBXGroup;
			children = (
				8758DAD3262197D3007BED51 /* JWTextAttributeDataSource.swift */,
				8758DAD0262197A7007BED51 /* JWLabel.swift */,
				8758DAD6262197EE007BED51 /* JWUnderlineLayoutManager.swift */,
				8758DAD926219825007BED51 /* UIColorExtension.swift */,
			);
			path = JWLabel;
			sourceTree = "<group>";
		};
		8758DADD26219DC0007BED51 /* JWWebView */ = {
			isa = PBXGroup;
			children = (
				8758DADE26219DD6007BED51 /* JWWebViewController.swift */,
				8758DAE126219E4E007BED51 /* JWWebViewExtensions.swift */,
			);
			path = JWWebView;
			sourceTree = "<group>";
		};
		8758DAE52621D9D6007BED51 /* Main */ = {
			isa = PBXGroup;
			children = (
				8758DAC826217C89007BED51 /* JWLabelTestViewModel.swift */,
				8758DAB026206F22007BED51 /* JWLabelTestViewController.swift */,
				8758DACC262183C1007BED51 /* JWLabelTestTableViewCell.swift */,
				8758DAEB2621DA37007BED51 /* JWLabelTestExtensions.swift */,
			);
			path = Main;
			sourceTree = "<group>";
		};
		8758DAE72621DA08007BED51 /* JWTextView */ = {
			isa = PBXGroup;
			children = (
				8758DAE82621DA14007BED51 /* JWTextView.swift */,
			);
			path = JWTextView;
			sourceTree = "<group>";
		};
/* End PBXGroup section */

/* Begin PBXNativeTarget section */
		8758DAA826206F22007BED51 /* JWLabelPractice */ = {
			isa = PBXNativeTarget;
			buildConfigurationList = 8758DAC026206F24007BED51 /* Build configuration list for PBXNativeTarget "JWLabelPractice" */;
			buildPhases = (
				8758DAA526206F22007BED51 /* Sources */,
				8758DAA626206F22007BED51 /* Frameworks */,
				8758DAA726206F22007BED51 /* Resources */,
			);
			buildRules = (
			);
			dependencies = (
			);
			name = JWLabelPractice;
			productName = JWLabelPractice;
			productReference = 8758DAA926206F22007BED51 /* JWLabelPractice.app */;
			productType = "com.apple.product-type.application";
		};
/* End PBXNativeTarget section */

/* Begin PBXProject section */
		8758DAA126206F22007BED51 /* Project object */ = {
			isa = PBXProject;
			attributes = {
				LastSwiftUpdateCheck = 1210;
				LastUpgradeCheck = 1210;
				TargetAttributes = {
					8758DAA826206F22007BED51 = {
						CreatedOnToolsVersion = 12.1;
					};
				};
			};
			buildConfigurationList = 8758DAA426206F22007BED51 /* Build configuration list for PBXProject "JWLabelPractice" */;
			compatibilityVersion = "Xcode 9.3";
			developmentRegion = en;
			hasScannedForEncodings = 0;
			knownRegions = (
				en,
				Base,
			);
			mainGroup = 8758DAA026206F22007BED51;
			productRefGroup = 8758DAAA26206F22007BED51 /* Products */;
			projectDirPath = "";
			projectRoot = "";
			targets = (
				8758DAA826206F22007BED51 /* JWLabelPractice */,
			);
		};
/* End PBXProject section */

/* Begin PBXResourcesBuildPhase section */
		8758DAA726206F22007BED51 /* Resources */ = {
			isa = PBXResourcesBuildPhase;
			buildActionMask = 2147483647;
			files = (
				8758DABC26206F24007BED51 /* LaunchScreen.storyboard in Resources */,
				8758DAB926206F24007BED51 /* Assets.xcassets in Resources */,
			);
			runOnlyForDeploymentPostprocessing = 0;
		};
/* End PBXResourcesBuildPhase section */

/* Begin PBXSourcesBuildPhase section */
		8758DAA526206F22007BED51 /* Sources */ = {
			isa = PBXSourcesBuildPhase;
			buildActionMask = 2147483647;
			files = (
				8758DAE92621DA14007BED51 /* JWTextView.swift in Sources */,
				8758DAE226219E4E007BED51 /* JWWebViewExtensions.swift in Sources */,
				8758DAEC2621DA37007BED51 /* JWLabelTestExtensions.swift in Sources */,
				8758DAD4262197D3007BED51 /* JWTextAttributeDataSource.swift in Sources */,
				8758DAD7262197EE007BED51 /* JWUnderlineLayoutManager.swift in Sources */,
				8758DADF26219DD6007BED51 /* JWWebViewController.swift in Sources */,
				8758DAB726206F22007BED51 /* JWLabelPractice.xcdatamodeld in Sources */,
				8758DADA26219825007BED51 /* UIColorExtension.swift in Sources */,
				8758DAB126206F22007BED51 /* JWLabelTestViewController.swift in Sources */,
				8758DAC926217C89007BED51 /* JWLabelTestViewModel.swift in Sources */,
				8758DACD262183C1007BED51 /* JWLabelTestTableViewCell.swift in Sources */,
				8758DAAD26206F22007BED51 /* AppDelegate.swift in Sources */,
				8758DAD1262197A7007BED51 /* JWLabel.swift in Sources */,
			);
			runOnlyForDeploymentPostprocessing = 0;
		};
/* End PBXSourcesBuildPhase section */

/* Begin PBXVariantGroup section */
		8758DABA26206F24007BED51 /* LaunchScreen.storyboard */ = {
			isa = PBXVariantGroup;
			children = (
				8758DABB26206F24007BED51 /* Base */,
			);
			name = LaunchScreen.storyboard;
			sourceTree = "<group>";
		};
/* End PBXVariantGroup section */

/* Begin XCBuildConfiguration section */
		8758DABE26206F24007BED51 /* Debug */ = {
			isa = XCBuildConfiguration;
			buildSettings = {
				ALWAYS_SEARCH_USER_PATHS = NO;
				CLANG_ANALYZER_NONNULL = YES;
				CLANG_ANALYZER_NUMBER_OBJECT_CONVERSION = YES_AGGRESSIVE;
				CLANG_CXX_LANGUAGE_STANDARD = "gnu++14";
				CLANG_CXX_LIBRARY = "libc++";
				CLANG_ENABLE_MODULES = YES;
				CLANG_ENABLE_OBJC_ARC = YES;
				CLANG_ENABLE_OBJC_WEAK = YES;
				CLANG_WARN_BLOCK_CAPTURE_AUTORELEASING = YES;
				CLANG_WARN_BOOL_CONVERSION = YES;
				CLANG_WARN_COMMA = YES;
				CLANG_WARN_CONSTANT_CONVERSION = YES;
				CLANG_WARN_DEPRECATED_OBJC_IMPLEMENTATIONS = YES;
				CLANG_WARN_DIRECT_OBJC_ISA_USAGE = YES_ERROR;
				CLANG_WARN_DOCUMENTATION_COMMENTS = YES;
				CLANG_WARN_EMPTY_BODY = YES;
				CLANG_WARN_ENUM_CONVERSION = YES;
				CLANG_WARN_INFINITE_RECURSION = YES;
				CLANG_WARN_INT_CONVERSION = YES;
				CLANG_WARN_NON_LITERAL_NULL_CONVERSION = YES;
				CLANG_WARN_OBJC_IMPLICIT_RETAIN_SELF = YES;
				CLANG_WARN_OBJC_LITERAL_CONVERSION = YES;
				CLANG_WARN_OBJC_ROOT_CLASS = YES_ERROR;
				CLANG_WARN_QUOTED_INCLUDE_IN_FRAMEWORK_HEADER = YES;
				CLANG_WARN_RANGE_LOOP_ANALYSIS = YES;
				CLANG_WARN_STRICT_PROTOTYPES = YES;
				CLANG_WARN_SUSPICIOUS_MOVE = YES;
				CLANG_WARN_UNGUARDED_AVAILABILITY = YES_AGGRESSIVE;
				CLANG_WARN_UNREACHABLE_CODE = YES;
				CLANG_WARN__DUPLICATE_METHOD_MATCH = YES;
				COPY_PHASE_STRIP = NO;
				DEBUG_INFORMATION_FORMAT = dwarf;
				ENABLE_STRICT_OBJC_MSGSEND = YES;
				ENABLE_TESTABILITY = YES;
				GCC_C_LANGUAGE_STANDARD = gnu11;
				GCC_DYNAMIC_NO_PIC = NO;
				GCC_NO_COMMON_BLOCKS = YES;
				GCC_OPTIMIZATION_LEVEL = 0;
				GCC_PREPROCESSOR_DEFINITIONS = (
					"DEBUG=1",
					"$(inherited)",
				);
				GCC_WARN_64_TO_32_BIT_CONVERSION = YES;
				GCC_WARN_ABOUT_RETURN_TYPE = YES_ERROR;
				GCC_WARN_UNDECLARED_SELECTOR = YES;
				GCC_WARN_UNINITIALIZED_AUTOS = YES_AGGRESSIVE;
				GCC_WARN_UNUSED_FUNCTION = YES;
				GCC_WARN_UNUSED_VARIABLE = YES;
				IPHONEOS_DEPLOYMENT_TARGET = 14.1;
				MTL_ENABLE_DEBUG_INFO = INCLUDE_SOURCE;
				MTL_FAST_MATH = YES;
				ONLY_ACTIVE_ARCH = YES;
				SDKROOT = iphoneos;
				SWIFT_ACTIVE_COMPILATION_CONDITIONS = DEBUG;
				SWIFT_OPTIMIZATION_LEVEL = "-Onone";
			};
			name = Debug;
		};
		8758DABF26206F24007BED51 /* Release */ = {
			isa = XCBuildConfiguration;
			buildSettings = {
				ALWAYS_SEARCH_USER_PATHS = NO;
				CLANG_ANALYZER_NONNULL = YES;
				CLANG_ANALYZER_NUMBER_OBJECT_CONVERSION = YES_AGGRESSIVE;
				CLANG_CXX_LANGUAGE_STANDARD = "gnu++14";
				CLANG_CXX_LIBRARY = "libc++";
				CLANG_ENABLE_MODULES = YES;
				CLANG_ENABLE_OBJC_ARC = YES;
				CLANG_ENABLE_OBJC_WEAK = YES;
				CLANG_WARN_BLOCK_CAPTURE_AUTORELEASING = YES;
				CLANG_WARN_BOOL_CONVERSION = YES;
				CLANG_WARN_COMMA = YES;
				CLANG_WARN_CONSTANT_CONVERSION = YES;
				CLANG_WARN_DEPRECATED_OBJC_IMPLEMENTATIONS = YES;
				CLANG_WARN_DIRECT_OBJC_ISA_USAGE = YES_ERROR;
				CLANG_WARN_DOCUMENTATION_COMMENTS = YES;
				CLANG_WARN_EMPTY_BODY = YES;
				CLANG_WARN_ENUM_CONVERSION = YES;
				CLANG_WARN_INFINITE_RECURSION = YES;
				CLANG_WARN_INT_CONVERSION = YES;
				CLANG_WARN_NON_LITERAL_NULL_CONVERSION = YES;
				CLANG_WARN_OBJC_IMPLICIT_RETAIN_SELF = YES;
				CLANG_WARN_OBJC_LITERAL_CONVERSION = YES;
				CLANG_WARN_OBJC_ROOT_CLASS = YES_ERROR;
				CLANG_WARN_QUOTED_INCLUDE_IN_FRAMEWORK_HEADER = YES;
				CLANG_WARN_RANGE_LOOP_ANALYSIS = YES;
				CLANG_WARN_STRICT_PROTOTYPES = YES;
				CLANG_WARN_SUSPICIOUS_MOVE = YES;
				CLANG_WARN_UNGUARDED_AVAILABILITY = YES_AGGRESSIVE;
				CLANG_WARN_UNREACHABLE_CODE = YES;
				CLANG_WARN__DUPLICATE_METHOD_MATCH = YES;
				COPY_PHASE_STRIP = NO;
				DEBUG_INFORMATION_FORMAT = "dwarf-with-dsym";
				ENABLE_NS_ASSERTIONS = NO;
				ENABLE_STRICT_OBJC_MSGSEND = YES;
				GCC_C_LANGUAGE_STANDARD = gnu11;
				GCC_NO_COMMON_BLOCKS = YES;
				GCC_WARN_64_TO_32_BIT_CONVERSION = YES;
				GCC_WARN_ABOUT_RETURN_TYPE = YES_ERROR;
				GCC_WARN_UNDECLARED_SELECTOR = YES;
				GCC_WARN_UNINITIALIZED_AUTOS = YES_AGGRESSIVE;
				GCC_WARN_UNUSED_FUNCTION = YES;
				GCC_WARN_UNUSED_VARIABLE = YES;
				IPHONEOS_DEPLOYMENT_TARGET = 14.1;
				MTL_ENABLE_DEBUG_INFO = NO;
				MTL_FAST_MATH = YES;
				SDKROOT = iphoneos;
				SWIFT_COMPILATION_MODE = wholemodule;
				SWIFT_OPTIMIZATION_LEVEL = "-O";
				VALIDATE_PRODUCT = YES;
			};
			name = Release;
		};
		8758DAC126206F24007BED51 /* Debug */ = {
			isa = XCBuildConfiguration;
			buildSettings = {
				ASSETCATALOG_COMPILER_APPICON_NAME = AppIcon;
				ASSETCATALOG_COMPILER_GLOBAL_ACCENT_COLOR_NAME = AccentColor;
				CODE_SIGN_STYLE = Automatic;
				DEVELOPMENT_TEAM = 5QK2K4UB32;
				INFOPLIST_FILE = JWLabelPractice/Info.plist;
				LD_RUNPATH_SEARCH_PATHS = (
					"$(inherited)",
					"@executable_path/Frameworks",
				);
				PRODUCT_BUNDLE_IDENTIFIER = Jiwon.JWLabelPractice;
				PRODUCT_NAME = "$(TARGET_NAME)";
				SWIFT_VERSION = 5.0;
				TARGETED_DEVICE_FAMILY = "1,2";
			};
			name = Debug;
		};
		8758DAC226206F24007BED51 /* Release */ = {
			isa = XCBuildConfiguration;
			buildSettings = {
				ASSETCATALOG_COMPILER_APPICON_NAME = AppIcon;
				ASSETCATALOG_COMPILER_GLOBAL_ACCENT_COLOR_NAME = AccentColor;
				CODE_SIGN_STYLE = Automatic;
				DEVELOPMENT_TEAM = 5QK2K4UB32;
				INFOPLIST_FILE = JWLabelPractice/Info.plist;
				LD_RUNPATH_SEARCH_PATHS = (
					"$(inherited)",
					"@executable_path/Frameworks",
				);
				PRODUCT_BUNDLE_IDENTIFIER = Jiwon.JWLabelPractice;
				PRODUCT_NAME = "$(TARGET_NAME)";
				SWIFT_VERSION = 5.0;
				TARGETED_DEVICE_FAMILY = "1,2";
			};
			name = Release;
		};
/* End XCBuildConfiguration section */

/* Begin XCConfigurationList section */
		8758DAA426206F22007BED51 /* Build configuration list for PBXProject "JWLabelPractice" */ = {
			isa = XCConfigurationList;
			buildConfigurations = (
				8758DABE26206F24007BED51 /* Debug */,
				8758DABF26206F24007BED51 /* Release */,
			);
			defaultConfigurationIsVisible = 0;
			defaultConfigurationName = Release;
		};
		8758DAC026206F24007BED51 /* Build configuration list for PBXNativeTarget "JWLabelPractice" */ = {
			isa = XCConfigurationList;
			buildConfigurations = (
				8758DAC126206F24007BED51 /* Debug */,
				8758DAC226206F24007BED51 /* Release */,
			);
			defaultConfigurationIsVisible = 0;
			defaultConfigurationName = Release;
		};
/* End XCConfigurationList section */

/* Begin XCVersionGroup section */
		8758DAB526206F22007BED51 /* JWLabelPractice.xcdatamodeld */ = {
			isa = XCVersionGroup;
			children = (
				8758DAB626206F22007BED51 /* JWLabelPractice.xcdatamodel */,
			);
			currentVersion = 8758DAB626206F22007BED51 /* JWLabelPractice.xcdatamodel */;
			path = JWLabelPractice.xcdatamodeld;
			sourceTree = "<group>";
			versionGroupType = wrapper.xcdatamodel;
		};
/* End XCVersionGroup section */
	};
	rootObject = 8758DAA126206F22007BED51 /* Project object */;
}
